# MCPRelay component inventory (exact versions in use).
# npm lockfiles (node-runtime/package-lock.json, tests/package-lock.json) pin the full trees.
#
# role               component                                 version    source / status
M1-capability        @wonderwhy-er/desktop-commander           0.2.51     npm; node-runtime/; overrides sharp 0.35.5, uuid 11.1.1 (security review)
M1-adapter           node-runtime/bridge.mjs (project-owned)   0.3.1      repo; bearer auth, strips UI widget meta (ADR-0002 F3)
M1-adapter-sdk       @modelcontextprotocol/sdk                 1.30.1     npm; node-runtime/
node-runtime         Node.js (bundled in Windows package)      v24.21.0   sha256 158f7685b44de51f6c0df1d153526cbcd3e1bc739a8dfc607721cef75de9e541 (win-x64 zip)
M6-node-app          app/windows/MCPRelay.cs (project-owned)   0.1.0      tray app + supervisor; built with Windows .NET Framework 4.x csc (ADR-0003)
test-client          @modelcontextprotocol/sdk                 1.30.1     npm; tests/
M2-tunnel            OpenSSH reverse forward (node ssh.exe -> host sshd)  host      forward-only account; scripts/node-tunnel.ps1 (P0-S3 accepted)
M3-gateway           R0Wi/mcp-gateway (MIT per pyproject)       59c1efd00e0c1baea4ed7861429200d2d6be0e83  bundle via scripts/build-gateway-bundle.sh (P0-S4 accepted)
M3-runtime           Python (uv-managed)                        3.12       uv 0.12.19 sha256 23bf5552d220e0842b65c862097b2ebaeba0064b74eda5e565e77fd25969d8c8
M4-ingress           Caddy                                      2.11.4     sha512 8220d1f0...ebf1c9 (full hash in scripts/vps-install.sh) (P0-S5 accepted)
#
# rejected
M1-adapter           supergateway                              4.0.0      per-request/per-session DC, binds all interfaces (P0-S1)
