# MCPRelay component inventory (exact versions in use).
# npm lockfiles (node-runtime/package-lock.json, tests/package-lock.json) pin the full trees.
#
# role               component                                 version    source / status
M1-capability        node-runtime/server.mjs (project-owned)   1.1.0      repo; single-process capability server, both MCP eras, 16 tools (ADR-0004)
M1-sdk               @modelcontextprotocol/server + /node      2.2.0/2.1.0 npm; node-runtime/ (7 packages total, npm audit 0)
node-runtime         Node.js (bundled in Windows package)      v24.21.0   sha256 158f7685b44de51f6c0df1d153526cbcd3e1bc739a8dfc607721cef75de9e541 (win-x64 zip)
M6-node-app          app/windows/MCPRelay.cs (project-owned)   1.0.0      tray app + supervisor; built with Windows .NET Framework 4.x csc (ADR-0003)
M2-tunnel            OpenSSH reverse forward (node ssh.exe -> host sshd)  host      forward-only account; keepalive 10 s x 3 both ends
M3-gateway           R0Wi/mcp-gateway (MIT per pyproject)       59c1efd00e0c1baea4ed7861429200d2d6be0e83 + patches/mcp-gateway/0001,0002 (ADR-0005/0006)
M3-runtime           Python (uv-managed)                        3.12       uv 0.12.19 sha256 23bf5552d220e0842b65c862097b2ebaeba0064b74eda5e565e77fd25969d8c8
M4-ingress           Caddy                                      2.11.4     sha512 8220d1f0...ebf1c9 (full hash in scripts/vps-install.sh)
ops-watchdog         config/vps/mcprelay-watchdog.sh + timer    repo       restarts unresponsive gateway/Caddy (ADR-0006)
test-client          @modelcontextprotocol/sdk 1.30.1 + @modelcontextprotocol/client 2.2.0   npm; tests/ (both eras)
#
# retired
M1-capability        @wonderwhy-er/desktop-commander           0.2.51     replaced by node-runtime/server.mjs (ADR-0004, 2026-09-29)
M1-adapter           node-runtime/bridge.mjs                   0.4.0      removed with Desktop Commander (ADR-0004)
M1-adapter           supergateway                              4.0.0      rejected: per-request/per-session DC, binds all interfaces (P0-S1)
